
Microsoft Visual Studio Solution File, Format Version 12.00
Project("{2150E333-8FDC-42A3-9474-1A3956D46DE8}") = ".shared", ".shared", "{CE82AED8-5387-472A-B8AA-079AD5B2F00B}"
	ProjectSection(SolutionItems) = preProject
		.editorconfig = .editorconfig
		.gitattributes = .gitattributes
		.gitignore = .gitignore
		global.json = global.json
		nuget_push.ps1 = utils\nuget_push.ps1
		key_generator.ps1 = utils\key_generator.ps1
		Directory.Packages.props = src\Directory.Packages.props
		src\Directory.Build.props = src\Directory.Build.props
		README.md = README.md
	EndProjectSection
EndProject
Project("{2150E333-8FDC-42A3-9474-1A3956D46DE8}") = "examples", "examples", "{B90F04E3-1254-4341-AEF1-C312A9DA468B}"
EndProject
Project("{FAE04EC0-301F-11D3-BF4B-00C04F79EFBC}") = "TestWorker", "tests\TestWorker\TestWorker.csproj", "{9A92FAF5-4340-4F97-B6F1-5C00D26BF244}"
EndProject
Project("{FAE04EC0-301F-11D3-BF4B-00C04F79EFBC}") = "KeyGenerator", "utils\KeyGenerator\KeyGenerator.csproj", "{0498645E-78A0-4C0C-9FCB-A6E6D034BD82}"
EndProject
Project("{2150E333-8FDC-42A3-9474-1A3956D46DE8}") = "utils", "utils", "{6AA06D91-135D-4340-A61D-6D290F4A1AD7}"
EndProject
Project("{FAE04EC0-301F-11D3-BF4B-00C04F79EFBC}") = "Xtuker.ConfigurationStorage", "src\Xtuker.ConfigurationStorage\Xtuker.ConfigurationStorage.csproj", "{BC48AC73-799B-4E43-A4FF-BC26CC3FDB60}"
EndProject
Project("{FAE04EC0-301F-11D3-BF4B-00C04F79EFBC}") = "Xtuker.ConfigurationStorage.EntityFramework", "src\Xtuker.ConfigurationStorage.EntityFramework\Xtuker.ConfigurationStorage.EntityFramework.csproj", "{6464D381-0EAD-4AEA-992C-E74D48005D78}"
EndProject
Project("{FAE04EC0-301F-11D3-BF4B-00C04F79EFBC}") = "Xtuker.ConfigurationStorage.Dapper", "src\Xtuker.ConfigurationStorage.Dapper\Xtuker.ConfigurationStorage.Dapper.csproj", "{7691BE39-2BD6-4A3E-8C6A-BEDC57B7F930}"
EndProject
Project("{2150E333-8FDC-42A3-9474-1A3956D46DE8}") = "tests", "tests", "{45BEF3D5-A2DB-415A-B886-BCDBD4D333C4}"
EndProject
Project("{FAE04EC0-301F-11D3-BF4B-00C04F79EFBC}") = "UnitTests", "tests\UnitTests\UnitTests.csproj", "{CE94C627-599C-48E3-8841-9570F163E5F9}"
EndProject
Project("{2150E333-8FDC-42A3-9474-1A3956D46DE8}") = ".github", ".github", "{C9EE73F0-AA94-4202-907E-D70819A94118}"
	ProjectSection(SolutionItems) = preProject
		.github\workflows\dotnet.yml = .github\workflows\dotnet.yml
		.github\publish.yml = .github\publish.yml
	EndProjectSection
EndProject
Global
	GlobalSection(SolutionConfigurationPlatforms) = preSolution
		Debug|Any CPU = Debug|Any CPU
		Release|Any CPU = Release|Any CPU
	EndGlobalSection
	GlobalSection(ProjectConfigurationPlatforms) = postSolution
		{BC48AC73-799B-4E43-A4FF-BC26CC3FDB60}.Debug|Any CPU.ActiveCfg = Debug|Any CPU
		{BC48AC73-799B-4E43-A4FF-BC26CC3FDB60}.Debug|Any CPU.Build.0 = Debug|Any CPU
		{BC48AC73-799B-4E43-A4FF-BC26CC3FDB60}.Release|Any CPU.ActiveCfg = Release|Any CPU
		{BC48AC73-799B-4E43-A4FF-BC26CC3FDB60}.Release|Any CPU.Build.0 = Release|Any CPU
		{9A92FAF5-4340-4F97-B6F1-5C00D26BF244}.Debug|Any CPU.ActiveCfg = Debug|Any CPU
		{9A92FAF5-4340-4F97-B6F1-5C00D26BF244}.Debug|Any CPU.Build.0 = Debug|Any CPU
		{9A92FAF5-4340-4F97-B6F1-5C00D26BF244}.Release|Any CPU.ActiveCfg = Release|Any CPU
		{9A92FAF5-4340-4F97-B6F1-5C00D26BF244}.Release|Any CPU.Build.0 = Release|Any CPU
		{0498645E-78A0-4C0C-9FCB-A6E6D034BD82}.Debug|Any CPU.ActiveCfg = Debug|Any CPU
		{0498645E-78A0-4C0C-9FCB-A6E6D034BD82}.Debug|Any CPU.Build.0 = Debug|Any CPU
		{0498645E-78A0-4C0C-9FCB-A6E6D034BD82}.Release|Any CPU.ActiveCfg = Release|Any CPU
		{0498645E-78A0-4C0C-9FCB-A6E6D034BD82}.Release|Any CPU.Build.0 = Release|Any CPU
		{6464D381-0EAD-4AEA-992C-E74D48005D78}.Debug|Any CPU.ActiveCfg = Debug|Any CPU
		{6464D381-0EAD-4AEA-992C-E74D48005D78}.Debug|Any CPU.Build.0 = Debug|Any CPU
		{6464D381-0EAD-4AEA-992C-E74D48005D78}.Release|Any CPU.ActiveCfg = Release|Any CPU
		{6464D381-0EAD-4AEA-992C-E74D48005D78}.Release|Any CPU.Build.0 = Release|Any CPU
		{7691BE39-2BD6-4A3E-8C6A-BEDC57B7F930}.Debug|Any CPU.ActiveCfg = Debug|Any CPU
		{7691BE39-2BD6-4A3E-8C6A-BEDC57B7F930}.Debug|Any CPU.Build.0 = Debug|Any CPU
		{7691BE39-2BD6-4A3E-8C6A-BEDC57B7F930}.Release|Any CPU.ActiveCfg = Release|Any CPU
		{7691BE39-2BD6-4A3E-8C6A-BEDC57B7F930}.Release|Any CPU.Build.0 = Release|Any CPU
		{CE94C627-599C-48E3-8841-9570F163E5F9}.Debug|Any CPU.ActiveCfg = Debug|Any CPU
		{CE94C627-599C-48E3-8841-9570F163E5F9}.Debug|Any CPU.Build.0 = Debug|Any CPU
		{CE94C627-599C-48E3-8841-9570F163E5F9}.Release|Any CPU.ActiveCfg = Release|Any CPU
		{CE94C627-599C-48E3-8841-9570F163E5F9}.Release|Any CPU.Build.0 = Release|Any CPU
	EndGlobalSection
	GlobalSection(NestedProjects) = preSolution
		{9A92FAF5-4340-4F97-B6F1-5C00D26BF244} = {B90F04E3-1254-4341-AEF1-C312A9DA468B}
		{0498645E-78A0-4C0C-9FCB-A6E6D034BD82} = {6AA06D91-135D-4340-A61D-6D290F4A1AD7}
		{CE94C627-599C-48E3-8841-9570F163E5F9} = {45BEF3D5-A2DB-415A-B886-BCDBD4D333C4}
	EndGlobalSection
EndGlobal
